
Microsoft Visual Studio Solution File, Format Version 12.00
# Visual Studio Version 16
VisualStudioVersion = 16.0.32510.428
MinimumVisualStudioVersion = 10.0.40219.1
Project("{FAE04EC0-301F-11D3-BF4B-00C04F79EFBC}") = "ZKM_TASK_02", "ZKM_TASK_02.csproj", "{A2CF0F2F-C95A-4B46-8AED-3DD3FFC81201}"
EndProject
Global
	GlobalSection(SolutionConfigurationPlatforms) = preSolution
		Debug|Any CPU = Debug|Any CPU
		Release|Any CPU = Release|Any CPU
	EndGlobalSection
	GlobalSection(ProjectConfigurationPlatforms) = postSolution
		{A2CF0F2F-C95A-4B46-8AED-3DD3FFC81201}.Debug|Any CPU.ActiveCfg = Debug|Any CPU
		{A2CF0F2F-C95A-4B46-8AED-3DD3FFC81201}.Debug|Any CPU.Build.0 = Debug|Any CPU
		{A2CF0F2F-C95A-4B46-8AED-3DD3FFC81201}.Release|Any CPU.ActiveCfg = Release|Any CPU
		{A2CF0F2F-C95A-4B46-8AED-3DD3FFC81201}.Release|Any CPU.Build.0 = Release|Any CPU
	EndGlobalSection
	GlobalSection(SolutionProperties) = preSolution
		HideSolutionNode = FALSE
	EndGlobalSection
	GlobalSection(ExtensibilityGlobals) = postSolution
		SolutionGuid = {F7103731-B5B4-41AF-A194-928237200063}
	EndGlobalSection
EndGlobal
